// !$*UTF8*$!
{
	archiveVersion = 1;
	classes = {
	};
	objectVersion = 56;
	objects = {

/* Begin PBXBuildFile section */
		76B2C6652CCC3E5E00736DB7 /* Swapi_CookUnityApp.swift in Sources */ = {isa = PBXBuildFile; fileRef = 76B2C6642CCC3E5E00736DB7 /* Swapi_CookUnityApp.swift */; };
		76B2C6672CCC3E5E00736DB7 /* ContentView.swift in Sources */ = {isa = PBXBuildFile; fileRef = 76B2C6662CCC3E5E00736DB7 /* ContentView.swift */; };
		76B2C6692CCC3E5F00736DB7 /* Assets.xcassets in Resources */ = {isa = PBXBuildFile; fileRef = 76B2C6682CCC3E5F00736DB7 /* Assets.xcassets */; };
		76B2C66C2CCC3E5F00736DB7 /* Preview Assets.xcassets in Resources */ = {isa = PBXBuildFile; fileRef = 76B2C66B2CCC3E5F00736DB7 /* Preview Assets.xcassets */; };
		76B2C6762CCC3E5F00736DB7 /* Swapi_CookUnityTests.swift in Sources */ = {isa = PBXBuildFile; fileRef = 76B2C6752CCC3E5F00736DB7 /* Swapi_CookUnityTests.swift */; };
		76B2C6802CCC3E5F00736DB7 /* Swapi_CookUnityUITests.swift in Sources */ = {isa = PBXBuildFile; fileRef = 76B2C67F2CCC3E5F00736DB7 /* Swapi_CookUnityUITests.swift */; };
		76B2C6822CCC3E5F00736DB7 /* Swapi_CookUnityUITestsLaunchTests.swift in Sources */ = {isa = PBXBuildFile; fileRef = 76B2C6812CCC3E5F00736DB7 /* Swapi_CookUnityUITestsLaunchTests.swift */; };
		76B2C6902CCC464200736DB7 /* Api.swift in Sources */ = {isa = PBXBuildFile; fileRef = 76B2C68F2CCC464200736DB7 /* Api.swift */; };
		76B2C6932CCC467100736DB7 /* People.swift in Sources */ = {isa = PBXBuildFile; fileRef = 76B2C6922CCC467100736DB7 /* People.swift */; };
		76B2C6962CCD0D9600736DB7 /* CharacterListView.swift in Sources */ = {isa = PBXBuildFile; fileRef = 76B2C6952CCD0D9600736DB7 /* CharacterListView.swift */; };
		76B2C6982CCFA90400736DB7 /* CharacterDetailView.swift in Sources */ = {isa = PBXBuildFile; fileRef = 76B2C6972CCFA90400736DB7 /* CharacterDetailView.swift */; };
/* End PBXBuildFile section */

/* Begin PBXContainerItemProxy section */
		76B2C6722CCC3E5F00736DB7 /* PBXContainerItemProxy */ = {
			isa = PBXContainerItemProxy;
			containerPortal = 76B2C6592CCC3E5E00736DB7 /* Project object */;
			proxyType = 1;
			remoteGlobalIDString = 76B2C6602CCC3E5E00736DB7;
			remoteInfo = "Swapi-CookUnity";
		};
		76B2C67C2CCC3E5F00736DB7 /* PBXContainerItemProxy */ = {
			isa = PBXContainerItemProxy;
			containerPortal = 76B2C6592CCC3E5E00736DB7 /* Project object */;
			proxyType = 1;
			remoteGlobalIDString = 76B2C6602CCC3E5E00736DB7;
			remoteInfo = "Swapi-CookUnity";
		};
/* End PBXContainerItemProxy section */

/* Begin PBXFileReference section */
		76B2C6612CCC3E5E00736DB7 /* Swapi-CookUnity.app */ = {isa = PBXFileReference; explicitFileType = wrapper.application; includeInIndex = 0; path = "Swapi-CookUnity.app"; sourceTree = BUILT_PRODUCTS_DIR; };
		76B2C6642CCC3E5E00736DB7 /* Swapi_CookUnityApp.swift */ = {isa = PBXFileReference; lastKnownFileType = sourcecode.swift; path = Swapi_CookUnityApp.swift; sourceTree = "<group>"; };
		76B2C6662CCC3E5E00736DB7 /* ContentView.swift */ = {isa = PBXFileReference; lastKnownFileType = sourcecode.swift; path = ContentView.swift; sourceTree = "<group>"; };
		76B2C6682CCC3E5F00736DB7 /* Assets.xcassets */ = {isa = PBXFileReference; lastKnownFileType = folder.assetcatalog; path = Assets.xcassets; sourceTree = "<group>"; };
		76B2C66B2CCC3E5F00736DB7 /* Preview Assets.xcassets */ = {isa = PBXFileReference; lastKnownFileType = folder.assetcatalog; path = "Preview Assets.xcassets"; sourceTree = "<group>"; };
		76B2C6712CCC3E5F00736DB7 /* Swapi-CookUnityTests.xctest */ = {isa = PBXFileReference; explicitFileType = wrapper.cfbundle; includeInIndex = 0; path = "Swapi-CookUnityTests.xctest"; sourceTree = BUILT_PRODUCTS_DIR; };
		76B2C6752CCC3E5F00736DB7 /* Swapi_CookUnityTests.swift */ = {isa = PBXFileReference; lastKnownFileType = sourcecode.swift; path = Swapi_CookUnityTests.swift; sourceTree = "<group>"; };
		76B2C67B2CCC3E5F00736DB7 /* Swapi-CookUnityUITests.xctest */ = {isa = PBXFileReference; explicitFileType = wrapper.cfbundle; includeInIndex = 0; path = "Swapi-CookUnityUITests.xctest"; sourceTree = BUILT_PRODUCTS_DIR; };
		76B2C67F2CCC3E5F00736DB7 /* Swapi_CookUnityUITests.swift */ = {isa = PBXFileReference; lastKnownFileType = sourcecode.swift; path = Swapi_CookUnityUITests.swift; sourceTree = "<group>"; };
		76B2C6812CCC3E5F00736DB7 /* Swapi_CookUnityUITestsLaunchTests.swift */ = {isa = PBXFileReference; lastKnownFileType = sourcecode.swift; path = Swapi_CookUnityUITestsLaunchTests.swift; sourceTree = "<group>"; };
		76B2C68F2CCC464200736DB7 /* Api.swift */ = {isa = PBXFileReference; lastKnownFileType = sourcecode.swift; path = Api.swift; sourceTree = "<group>"; };
		76B2C6922CCC467100736DB7 /* People.swift */ = {isa = PBXFileReference; lastKnownFileType = sourcecode.swift; path = People.swift; sourceTree = "<group>"; };
		76B2C6952CCD0D9600736DB7 /* CharacterListView.swift */ = {isa = PBXFileReference; lastKnownFileType = sourcecode.swift; path = CharacterListView.swift; sourceTree = "<group>"; };
		76B2C6972CCFA90400736DB7 /* CharacterDetailView.swift */ = {isa = PBXFileReference; lastKnownFileType = sourcecode.swift; path = CharacterDetailView.swift; sourceTree = "<group>"; };
/* End PBXFileReference section */

/* Begin PBXFrameworksBuildPhase section */
		76B2C65E2CCC3E5E00736DB7 /* Frameworks */ = {
			isa = PBXFrameworksBuildPhase;
			buildActionMask = 2147483647;
			files = (
			);
			runOnlyForDeploymentPostprocessing = 0;
		};
		76B2C66E2CCC3E5F00736DB7 /* Frameworks */ = {
			isa = PBXFrameworksBuildPhase;
			buildActionMask = 2147483647;
			files = (
			);
			runOnlyForDeploymentPostprocessing = 0;
		};
		76B2C6782CCC3E5F00736DB7 /* Frameworks */ = {
			isa = PBXFrameworksBuildPhase;
			buildActionMask = 2147483647;
			files = (
			);
			runOnlyForDeploymentPostprocessing = 0;
		};
/* End PBXFrameworksBuildPhase section */

/* Begin PBXGroup section */
		76B2C6582CCC3E5E00736DB7 = {
			isa = PBXGroup;
			children = (
				76B2C6632CCC3E5E00736DB7 /* Swapi-CookUnity */,
				76B2C6742CCC3E5F00736DB7 /* Swapi-CookUnityTests */,
				76B2C67E2CCC3E5F00736DB7 /* Swapi-CookUnityUITests */,
				76B2C6622CCC3E5E00736DB7 /* Products */,
			);
			sourceTree = "<group>";
		};
		76B2C6622CCC3E5E00736DB7 /* Products */ = {
			isa = PBXGroup;
			children = (
				76B2C6612CCC3E5E00736DB7 /* Swapi-CookUnity.app */,
				76B2C6712CCC3E5F00736DB7 /* Swapi-CookUnityTests.xctest */,
				76B2C67B2CCC3E5F00736DB7 /* Swapi-CookUnityUITests.xctest */,
			);
			name = Products;
			sourceTree = "<group>";
		};
		76B2C6632CCC3E5E00736DB7 /* Swapi-CookUnity */ = {
			isa = PBXGroup;
			children = (
				76B2C6942CCD0D8100736DB7 /* Views */,
				76B2C6912CCC466000736DB7 /* Models */,
				76B2C68E2CCC462D00736DB7 /* Services */,
				76B2C6642CCC3E5E00736DB7 /* Swapi_CookUnityApp.swift */,
				76B2C6662CCC3E5E00736DB7 /* ContentView.swift */,
				76B2C6682CCC3E5F00736DB7 /* Assets.xcassets */,
				76B2C66A2CCC3E5F00736DB7 /* Preview Content */,
			);
			path = "Swapi-CookUnity";
			sourceTree = "<group>";
		};
		76B2C66A2CCC3E5F00736DB7 /* Preview Content */ = {
			isa = PBXGroup;
			children = (
				76B2C66B2CCC3E5F00736DB7 /* Preview Assets.xcassets */,
			);
			path = "Preview Content";
			sourceTree = "<group>";
		};
		76B2C6742CCC3E5F00736DB7 /* Swapi-CookUnityTests */ = {
			isa = PBXGroup;
			children = (
				76B2C6752CCC3E5F00736DB7 /* Swapi_CookUnityTests.swift */,
			);
			path = "Swapi-CookUnityTests";
			sourceTree = "<group>";
		};
		76B2C67E2CCC3E5F00736DB7 /* Swapi-CookUnityUITests */ = {
			isa = PBXGroup;
			children = (
				76B2C67F2CCC3E5F00736DB7 /* Swapi_CookUnityUITests.swift */,
				76B2C6812CCC3E5F00736DB7 /* Swapi_CookUnityUITestsLaunchTests.swift */,
			);
			path = "Swapi-CookUnityUITests";
			sourceTree = "<group>";
		};
		76B2C68E2CCC462D00736DB7 /* Services */ = {
			isa = PBXGroup;
			children = (
				76B2C68F2CCC464200736DB7 /* Api.swift */,
			);
			path = Services;
			sourceTree = "<group>";
		};
		76B2C6912CCC466000736DB7 /* Models */ = {
			isa = PBXGroup;
			children = (
				76B2C6922CCC467100736DB7 /* People.swift */,
			);
			path = Models;
			sourceTree = "<group>";
		};
		76B2C6942CCD0D8100736DB7 /* Views */ = {
			isa = PBXGroup;
			children = (
				76B2C6952CCD0D9600736DB7 /* CharacterListView.swift */,
				76B2C6972CCFA90400736DB7 /* CharacterDetailView.swift */,
			);
			path = Views;
			sourceTree = "<group>";
		};
/* End PBXGroup section */

/* Begin PBXNativeTarget section */
		76B2C6602CCC3E5E00736DB7 /* Swapi-CookUnity */ = {
			isa = PBXNativeTarget;
			buildConfigurationList = 76B2C6852CCC3E5F00736DB7 /* Build configuration list for PBXNativeTarget "Swapi-CookUnity" */;
			buildPhases = (
				76B2C65D2CCC3E5E00736DB7 /* Sources */,
				76B2C65E2CCC3E5E00736DB7 /* Frameworks */,
				76B2C65F2CCC3E5E00736DB7 /* Resources */,
			);
			buildRules = (
			);
			dependencies = (
			);
			name = "Swapi-CookUnity";
			productName = "Swapi-CookUnity";
			productReference = 76B2C6612CCC3E5E00736DB7 /* Swapi-CookUnity.app */;
			productType = "com.apple.product-type.application";
		};
		76B2C6702CCC3E5F00736DB7 /* Swapi-CookUnityTests */ = {
			isa = PBXNativeTarget;
			buildConfigurationList = 76B2C6882CCC3E5F00736DB7 /* Build configuration list for PBXNativeTarget "Swapi-CookUnityTests" */;
			buildPhases = (
				76B2C66D2CCC3E5F00736DB7 /* Sources */,
				76B2C66E2CCC3E5F00736DB7 /* Frameworks */,
				76B2C66F2CCC3E5F00736DB7 /* Resources */,
			);
			buildRules = (
			);
			dependencies = (
				76B2C6732CCC3E5F00736DB7 /* PBXTargetDependency */,
			);
			name = "Swapi-CookUnityTests";
			productName = "Swapi-CookUnityTests";
			productReference = 76B2C6712CCC3E5F00736DB7 /* Swapi-CookUnityTests.xctest */;
			productType = "com.apple.product-type.bundle.unit-test";
		};
		76B2C67A2CCC3E5F00736DB7 /* Swapi-CookUnityUITests */ = {
			isa = PBXNativeTarget;
			buildConfigurationList = 76B2C68B2CCC3E5F00736DB7 /* Build configuration list for PBXNativeTarget "Swapi-CookUnityUITests" */;
			buildPhases = (
				76B2C6772CCC3E5F00736DB7 /* Sources */,
				76B2C6782CCC3E5F00736DB7 /* Frameworks */,
				76B2C6792CCC3E5F00736DB7 /* Resources */,
			);
			buildRules = (
			);
			dependencies = (
				76B2C67D2CCC3E5F00736DB7 /* PBXTargetDependency */,
			);
			name = "Swapi-CookUnityUITests";
			productName = "Swapi-CookUnityUITests";
			productReference = 76B2C67B2CCC3E5F00736DB7 /* Swapi-CookUnityUITests.xctest */;
			productType = "com.apple.product-type.bundle.ui-testing";
		};
/* End PBXNativeTarget section */

/* Begin PBXProject section */
		76B2C6592CCC3E5E00736DB7 /* Project object */ = {
			isa = PBXProject;
			attributes = {
				BuildIndependentTargetsInParallel = 1;
				LastSwiftUpdateCheck = 1540;
				LastUpgradeCheck = 1540;
				TargetAttributes = {
					76B2C6602CCC3E5E00736DB7 = {
						CreatedOnToolsVersion = 15.4;
					};
					76B2C6702CCC3E5F00736DB7 = {
						CreatedOnToolsVersion = 15.4;
						TestTargetID = 76B2C6602CCC3E5E00736DB7;
					};
					76B2C67A2CCC3E5F00736DB7 = {
						CreatedOnToolsVersion = 15.4;
						TestTargetID = 76B2C6602CCC3E5E00736DB7;
					};
				};
			};
			buildConfigurationList = 76B2C65C2CCC3E5E00736DB7 /* Build configuration list for PBXProject "Swapi-CookUnity" */;
			compatibilityVersion = "Xcode 14.0";
			developmentRegion = en;
			hasScannedForEncodings = 0;
			knownRegions = (
				en,
				Base,
			);
			mainGroup = 76B2C6582CCC3E5E00736DB7;
			productRefGroup = 76B2C6622CCC3E5E00736DB7 /* Products */;
			projectDirPath = "";
			projectRoot = "";
			targets = (
				76B2C6602CCC3E5E00736DB7 /* Swapi-CookUnity */,
				76B2C6702CCC3E5F00736DB7 /* Swapi-CookUnityTests */,
				76B2C67A2CCC3E5F00736DB7 /* Swapi-CookUnityUITests */,
			);
		};
/* End PBXProject section */

/* Begin PBXResourcesBuildPhase section */
		76B2C65F2CCC3E5E00736DB7 /* Resources */ = {
			isa = PBXResourcesBuildPhase;
			buildActionMask = 2147483647;
			files = (
				76B2C66C2CCC3E5F00736DB7 /* Preview Assets.xcassets in Resources */,
				76B2C6692CCC3E5F00736DB7 /* Assets.xcassets in Resources */,
			);
			runOnlyForDeploymentPostprocessing = 0;
		};
		76B2C66F2CCC3E5F00736DB7 /* Resources */ = {
			isa = PBXResourcesBuildPhase;
			buildActionMask = 2147483647;
			files = (
			);
			runOnlyForDeploymentPostprocessing = 0;
		};
		76B2C6792CCC3E5F00736DB7 /* Resources */ = {
			isa = PBXResourcesBuildPhase;
			buildActionMask = 2147483647;
			files = (
			);
			runOnlyForDeploymentPostprocessing = 0;
		};
/* End PBXResourcesBuildPhase section */

/* Begin PBXSourcesBuildPhase section */
		76B2C65D2CCC3E5E00736DB7 /* Sources */ = {
			isa = PBXSourcesBuildPhase;
			buildActionMask = 2147483647;
			files = (
				76B2C6932CCC467100736DB7 /* People.swift in Sources */,
				76B2C6902CCC464200736DB7 /* Api.swift in Sources */,
				76B2C6962CCD0D9600736DB7 /* CharacterListView.swift in Sources */,
				76B2C6982CCFA90400736DB7 /* CharacterDetailView.swift in Sources */,
				76B2C6672CCC3E5E00736DB7 /* ContentView.swift in Sources */,
				76B2C6652CCC3E5E00736DB7 /* Swapi_CookUnityApp.swift in Sources */,
			);
			runOnlyForDeploymentPostprocessing = 0;
		};
		76B2C66D2CCC3E5F00736DB7 /* Sources */ = {
			isa = PBXSourcesBuildPhase;
			buildActionMask = 2147483647;
			files = (
				76B2C6762CCC3E5F00736DB7 /* Swapi_CookUnityTests.swift in Sources */,
			);
			runOnlyForDeploymentPostprocessing = 0;
		};
		76B2C6772CCC3E5F00736DB7 /* Sources */ = {
			isa = PBXSourcesBuildPhase;
			buildActionMask = 2147483647;
			files = (
				76B2C6802CCC3E5F00736DB7 /* Swapi_CookUnityUITests.swift in Sources */,
				76B2C6822CCC3E5F00736DB7 /* Swapi_CookUnityUITestsLaunchTests.swift in Sources */,
			);
			runOnlyForDeploymentPostprocessing = 0;
		};
/* End PBXSourcesBuildPhase section */

/* Begin PBXTargetDependency section */
		76B2C6732CCC3E5F00736DB7 /* PBXTargetDependency */ = {
			isa = PBXTargetDependency;
			target = 76B2C6602CCC3E5E00736DB7 /* Swapi-CookUnity */;
			targetProxy = 76B2C6722CCC3E5F00736DB7 /* PBXContainerItemProxy */;
		};
		76B2C67D2CCC3E5F00736DB7 /* PBXTargetDependency */ = {
			isa = PBXTargetDependency;
			target = 76B2C6602CCC3E5E00736DB7 /* Swapi-CookUnity */;
			targetProxy = 76B2C67C2CCC3E5F00736DB7 /* PBXContainerItemProxy */;
		};
/* End PBXTargetDependency section */

/* Begin XCBuildConfiguration section */
		76B2C6832CCC3E5F00736DB7 /* Debug */ = {
			isa = XCBuildConfiguration;
			buildSettings = {
				ALWAYS_SEARCH_USER_PATHS = NO;
				ASSETCATALOG_COMPILER_GENERATE_SWIFT_ASSET_SYMBOL_EXTENSIONS = YES;
				CLANG_ANALYZER_NONNULL = YES;
				CLANG_ANALYZER_NUMBER_OBJECT_CONVERSION = YES_AGGRESSIVE;
				CLANG_CXX_LANGUAGE_STANDARD = "gnu++20";
				CLANG_ENABLE_MODULES = YES;
				CLANG_ENABLE_OBJC_ARC = YES;
				CLANG_ENABLE_OBJC_WEAK = YES;
				CLANG_WARN_BLOCK_CAPTURE_AUTORELEASING = YES;
				CLANG_WARN_BOOL_CONVERSION = YES;
				CLANG_WARN_COMMA = YES;
				CLANG_WARN_CONSTANT_CONVERSION = YES;
				CLANG_WARN_DEPRECATED_OBJC_IMPLEMENTATIONS = YES;
				CLANG_WARN_DIRECT_OBJC_ISA_USAGE = YES_ERROR;
				CLANG_WARN_DOCUMENTATION_COMMENTS = YES;
				CLANG_WARN_EMPTY_BODY = YES;
				CLANG_WARN_ENUM_CONVERSION = YES;
				CLANG_WARN_INFINITE_RECURSION = YES;
				CLANG_WARN_INT_CONVERSION = YES;
				CLANG_WARN_NON_LITERAL_NULL_CONVERSION = YES;
				CLANG_WARN_OBJC_IMPLICIT_RETAIN_SELF = YES;
				CLANG_WARN_OBJC_LITERAL_CONVERSION = YES;
				CLANG_WARN_OBJC_ROOT_CLASS = YES_ERROR;
				CLANG_WARN_QUOTED_INCLUDE_IN_FRAMEWORK_HEADER = YES;
				CLANG_WARN_RANGE_LOOP_ANALYSIS = YES;
				CLANG_WARN_STRICT_PROTOTYPES = YES;
				CLANG_WARN_SUSPICIOUS_MOVE = YES;
				CLANG_WARN_UNGUARDED_AVAILABILITY = YES_AGGRESSIVE;
				CLANG_WARN_UNREACHABLE_CODE = YES;
				CLANG_WARN__DUPLICATE_METHOD_MATCH = YES;
				COPY_PHASE_STRIP = NO;
				DEBUG_INFORMATION_FORMAT = dwarf;
				ENABLE_STRICT_OBJC_MSGSEND = YES;
				ENABLE_TESTABILITY = YES;
				ENABLE_USER_SCRIPT_SANDBOXING = YES;
				GCC_C_LANGUAGE_STANDARD = gnu17;
				GCC_DYNAMIC_NO_PIC = NO;
				GCC_NO_COMMON_BLOCKS = YES;
				GCC_OPTIMIZATION_LEVEL = 0;
				GCC_PREPROCESSOR_DEFINITIONS = (
					"DEBUG=1",
					"$(inherited)",
				);
				GCC_WARN_64_TO_32_BIT_CONVERSION = YES;
				GCC_WARN_ABOUT_RETURN_TYPE = YES_ERROR;
				GCC_WARN_UNDECLARED_SELECTOR = YES;
				GCC_WARN_UNINITIALIZED_AUTOS = YES_AGGRESSIVE;
				GCC_WARN_UNUSED_FUNCTION = YES;
				GCC_WARN_UNUSED_VARIABLE = YES;
				IPHONEOS_DEPLOYMENT_TARGET = 17.5;
				LOCALIZATION_PREFERS_STRING_CATALOGS = YES;
				MTL_ENABLE_DEBUG_INFO = INCLUDE_SOURCE;
				MTL_FAST_MATH = YES;
				ONLY_ACTIVE_ARCH = YES;
				SDKROOT = iphoneos;
				SWIFT_ACTIVE_COMPILATION_CONDITIONS = "DEBUG $(inherited)";
				SWIFT_OPTIMIZATION_LEVEL = "-Onone";
			};
			name = Debug;
		};
		76B2C6842CCC3E5F00736DB7 /* Release */ = {
			isa = XCBuildConfiguration;
			buildSettings = {
				ALWAYS_SEARCH_USER_PATHS = NO;
				ASSETCATALOG_COMPILER_GENERATE_SWIFT_ASSET_SYMBOL_EXTENSIONS = YES;
				CLANG_ANALYZER_NONNULL = YES;
				CLANG_ANALYZER_NUMBER_OBJECT_CONVERSION = YES_AGGRESSIVE;
				CLANG_CXX_LANGUAGE_STANDARD = "gnu++20";
				CLANG_ENABLE_MODULES = YES;
				CLANG_ENABLE_OBJC_ARC = YES;
				CLANG_ENABLE_OBJC_WEAK = YES;
				CLANG_WARN_BLOCK_CAPTURE_AUTORELEASING = YES;
				CLANG_WARN_BOOL_CONVERSION = YES;
				CLANG_WARN_COMMA = YES;
				CLANG_WARN_CONSTANT_CONVERSION = YES;
				CLANG_WARN_DEPRECATED_OBJC_IMPLEMENTATIONS = YES;
				CLANG_WARN_DIRECT_OBJC_ISA_USAGE = YES_ERROR;
				CLANG_WARN_DOCUMENTATION_COMMENTS = YES;
				CLANG_WARN_EMPTY_BODY = YES;
				CLANG_WARN_ENUM_CONVERSION = YES;
				CLANG_WARN_INFINITE_RECURSION = YES;
				CLANG_WARN_INT_CONVERSION = YES;
				CLANG_WARN_NON_LITERAL_NULL_CONVERSION = YES;
				CLANG_WARN_OBJC_IMPLICIT_RETAIN_SELF = YES;
				CLANG_WARN_OBJC_LITERAL_CONVERSION = YES;
				CLANG_WARN_OBJC_ROOT_CLASS = YES_ERROR;
				CLANG_WARN_QUOTED_INCLUDE_IN_FRAMEWORK_HEADER = YES;
				CLANG_WARN_RANGE_LOOP_ANALYSIS = YES;
				CLANG_WARN_STRICT_PROTOTYPES = YES;
				CLANG_WARN_SUSPICIOUS_MOVE = YES;
				CLANG_WARN_UNGUARDED_AVAILABILITY = YES_AGGRESSIVE;
				CLANG_WARN_UNREACHABLE_CODE = YES;
				CLANG_WARN__DUPLICATE_METHOD_MATCH = YES;
				COPY_PHASE_STRIP = NO;
				DEBUG_INFORMATION_FORMAT = "dwarf-with-dsym";
				ENABLE_NS_ASSERTIONS = NO;
				ENABLE_STRICT_OBJC_MSGSEND = YES;
				ENABLE_USER_SCRIPT_SANDBOXING = YES;
				GCC_C_LANGUAGE_STANDARD = gnu17;
				GCC_NO_COMMON_BLOCKS = YES;
				GCC_WARN_64_TO_32_BIT_CONVERSION = YES;
				GCC_WARN_ABOUT_RETURN_TYPE = YES_ERROR;
				GCC_WARN_UNDECLARED_SELECTOR = YES;
				GCC_WARN_UNINITIALIZED_AUTOS = YES_AGGRESSIVE;
				GCC_WARN_UNUSED_FUNCTION = YES;
				GCC_WARN_UNUSED_VARIABLE = YES;
				IPHONEOS_DEPLOYMENT_TARGET = 17.5;
				LOCALIZATION_PREFERS_STRING_CATALOGS = YES;
				MTL_ENABLE_DEBUG_INFO = NO;
				MTL_FAST_MATH = YES;
				SDKROOT = iphoneos;
				SWIFT_COMPILATION_MODE = wholemodule;
				VALIDATE_PRODUCT = YES;
			};
			name = Release;
		};
		76B2C6862CCC3E5F00736DB7 /* Debug */ = {
			isa = XCBuildConfiguration;
			buildSettings = {
				ASSETCATALOG_COMPILER_APPICON_NAME = AppIcon;
				ASSETCATALOG_COMPILER_GLOBAL_ACCENT_COLOR_NAME = AccentColor;
				CODE_SIGN_STYLE = Automatic;
				CURRENT_PROJECT_VERSION = 1;
				DEVELOPMENT_ASSET_PATHS = "\"Swapi-CookUnity/Preview Content\"";
				DEVELOPMENT_TEAM = F342975UV4;
				ENABLE_PREVIEWS = YES;
				GENERATE_INFOPLIST_FILE = YES;
				INFOPLIST_KEY_UIApplicationSceneManifest_Generation = YES;
				INFOPLIST_KEY_UIApplicationSupportsIndirectInputEvents = YES;
				INFOPLIST_KEY_UILaunchScreen_Generation = YES;
				INFOPLIST_KEY_UISupportedInterfaceOrientations_iPad = "UIInterfaceOrientationPortrait UIInterfaceOrientationPortraitUpsideDown UIInterfaceOrientationLandscapeLeft UIInterfaceOrientationLandscapeRight";
				INFOPLIST_KEY_UISupportedInterfaceOrientations_iPhone = "UIInterfaceOrientationPortrait UIInterfaceOrientationLandscapeLeft UIInterfaceOrientationLandscapeRight";
				LD_RUNPATH_SEARCH_PATHS = (
					"$(inherited)",
					"@executable_path/Frameworks",
				);
				MARKETING_VERSION = 1.0;
				PRODUCT_BUNDLE_IDENTIFIER = "com.ferhedio.Swapi-CookUnity";
				PRODUCT_NAME = "$(TARGET_NAME)";
				SWIFT_EMIT_LOC_STRINGS = YES;
				SWIFT_VERSION = 5.0;
				TARGETED_DEVICE_FAMILY = "1,2";
			};
			name = Debug;
		};
		76B2C6872CCC3E5F00736DB7 /* Release */ = {
			isa = XCBuildConfiguration;
			buildSettings = {
				ASSETCATALOG_COMPILER_APPICON_NAME = AppIcon;
				ASSETCATALOG_COMPILER_GLOBAL_ACCENT_COLOR_NAME = AccentColor;
				CODE_SIGN_STYLE = Automatic;
				CURRENT_PROJECT_VERSION = 1;
				DEVELOPMENT_ASSET_PATHS = "\"Swapi-CookUnity/Preview Content\"";
				DEVELOPMENT_TEAM = F342975UV4;
				ENABLE_PREVIEWS = YES;
				GENERATE_INFOPLIST_FILE = YES;
				INFOPLIST_KEY_UIApplicationSceneManifest_Generation = YES;
				INFOPLIST_KEY_UIApplicationSupportsIndirectInputEvents = YES;
				INFOPLIST_KEY_UILaunchScreen_Generation = YES;
				INFOPLIST_KEY_UISupportedInterfaceOrientations_iPad = "UIInterfaceOrientationPortrait UIInterfaceOrientationPortraitUpsideDown UIInterfaceOrientationLandscapeLeft UIInterfaceOrientationLandscapeRight";
				INFOPLIST_KEY_UISupportedInterfaceOrientations_iPhone = "UIInterfaceOrientationPortrait UIInterfaceOrientationLandscapeLeft UIInterfaceOrientationLandscapeRight";
				LD_RUNPATH_SEARCH_PATHS = (
					"$(inherited)",
					"@executable_path/Frameworks",
				);
				MARKETING_VERSION = 1.0;
				PRODUCT_BUNDLE_IDENTIFIER = "com.ferhedio.Swapi-CookUnity";
				PRODUCT_NAME = "$(TARGET_NAME)";
				SWIFT_EMIT_LOC_STRINGS = YES;
				SWIFT_VERSION = 5.0;
				TARGETED_DEVICE_FAMILY = "1,2";
			};
			name = Release;
		};
		76B2C6892CCC3E5F00736DB7 /* Debug */ = {
			isa = XCBuildConfiguration;
			buildSettings = {
				ALWAYS_EMBED_SWIFT_STANDARD_LIBRARIES = YES;
				BUNDLE_LOADER = "$(TEST_HOST)";
				CODE_SIGN_STYLE = Automatic;
				CURRENT_PROJECT_VERSION = 1;
				DEVELOPMENT_TEAM = F342975UV4;
				GENERATE_INFOPLIST_FILE = YES;
				IPHONEOS_DEPLOYMENT_TARGET = 17.5;
				MARKETING_VERSION = 1.0;
				PRODUCT_BUNDLE_IDENTIFIER = "com.ferhedio.Swapi-CookUnityTests";
				PRODUCT_NAME = "$(TARGET_NAME)";
				SWIFT_EMIT_LOC_STRINGS = NO;
				SWIFT_VERSION = 5.0;
				TARGETED_DEVICE_FAMILY = "1,2";
				TEST_HOST = "$(BUILT_PRODUCTS_DIR)/Swapi-CookUnity.app/$(BUNDLE_EXECUTABLE_FOLDER_PATH)/Swapi-CookUnity";
			};
			name = Debug;
		};
		76B2C68A2CCC3E5F00736DB7 /* Release */ = {
			isa = XCBuildConfiguration;
			buildSettings = {
				ALWAYS_EMBED_SWIFT_STANDARD_LIBRARIES = YES;
				BUNDLE_LOADER = "$(TEST_HOST)";
				CODE_SIGN_STYLE = Automatic;
				CURRENT_PROJECT_VERSION = 1;
				DEVELOPMENT_TEAM = F342975UV4;
				GENERATE_INFOPLIST_FILE = YES;
				IPHONEOS_DEPLOYMENT_TARGET = 17.5;
				MARKETING_VERSION = 1.0;
				PRODUCT_BUNDLE_IDENTIFIER = "com.ferhedio.Swapi-CookUnityTests";
				PRODUCT_NAME = "$(TARGET_NAME)";
				SWIFT_EMIT_LOC_STRINGS = NO;
				SWIFT_VERSION = 5.0;
				TARGETED_DEVICE_FAMILY = "1,2";
				TEST_HOST = "$(BUILT_PRODUCTS_DIR)/Swapi-CookUnity.app/$(BUNDLE_EXECUTABLE_FOLDER_PATH)/Swapi-CookUnity";
			};
			name = Release;
		};
		76B2C68C2CCC3E5F00736DB7 /* Debug */ = {
			isa = XCBuildConfiguration;
			buildSettings = {
				ALWAYS_EMBED_SWIFT_STANDARD_LIBRARIES = YES;
				CODE_SIGN_STYLE = Automatic;
				CURRENT_PROJECT_VERSION = 1;
				DEVELOPMENT_TEAM = F342975UV4;
				GENERATE_INFOPLIST_FILE = YES;
				MARKETING_VERSION = 1.0;
				PRODUCT_BUNDLE_IDENTIFIER = "com.ferhedio.Swapi-CookUnityUITests";
				PRODUCT_NAME = "$(TARGET_NAME)";
				SWIFT_EMIT_LOC_STRINGS = NO;
				SWIFT_VERSION = 5.0;
				TARGETED_DEVICE_FAMILY = "1,2";
				TEST_TARGET_NAME = "Swapi-CookUnity";
			};
			name = Debug;
		};
		76B2C68D2CCC3E5F00736DB7 /* Release */ = {
			isa = XCBuildConfiguration;
			buildSettings = {
				ALWAYS_EMBED_SWIFT_STANDARD_LIBRARIES = YES;
				CODE_SIGN_STYLE = Automatic;
				CURRENT_PROJECT_VERSION = 1;
				DEVELOPMENT_TEAM = F342975UV4;
				GENERATE_INFOPLIST_FILE = YES;
				MARKETING_VERSION = 1.0;
				PRODUCT_BUNDLE_IDENTIFIER = "com.ferhedio.Swapi-CookUnityUITests";
				PRODUCT_NAME = "$(TARGET_NAME)";
				SWIFT_EMIT_LOC_STRINGS = NO;
				SWIFT_VERSION = 5.0;
				TARGETED_DEVICE_FAMILY = "1,2";
				TEST_TARGET_NAME = "Swapi-CookUnity";
			};
			name = Release;
		};
/* End XCBuildConfiguration section */

/* Begin XCConfigurationList section */
		76B2C65C2CCC3E5E00736DB7 /* Build configuration list for PBXProject "Swapi-CookUnity" */ = {
			isa = XCConfigurationList;
			buildConfigurations = (
				76B2C6832CCC3E5F00736DB7 /* Debug */,
				76B2C6842CCC3E5F00736DB7 /* Release */,
			);
			defaultConfigurationIsVisible = 0;
			defaultConfigurationName = Release;
		};
		76B2C6852CCC3E5F00736DB7 /* Build configuration list for PBXNativeTarget "Swapi-CookUnity" */ = {
			isa = XCConfigurationList;
			buildConfigurations = (
				76B2C6862CCC3E5F00736DB7 /* Debug */,
				76B2C6872CCC3E5F00736DB7 /* Release */,
			);
			defaultConfigurationIsVisible = 0;
			defaultConfigurationName = Release;
		};
		76B2C6882CCC3E5F00736DB7 /* Build configuration list for PBXNativeTarget "Swapi-CookUnityTests" */ = {
			isa = XCConfigurationList;
			buildConfigurations = (
				76B2C6892CCC3E5F00736DB7 /* Debug */,
				76B2C68A2CCC3E5F00736DB7 /* Release */,
			);
			defaultConfigurationIsVisible = 0;
			defaultConfigurationName = Release;
		};
		76B2C68B2CCC3E5F00736DB7 /* Build configuration list for PBXNativeTarget "Swapi-CookUnityUITests" */ = {
			isa = XCConfigurationList;
			buildConfigurations = (
				76B2C68C2CCC3E5F00736DB7 /* Debug */,
				76B2C68D2CCC3E5F00736DB7 /* Release */,
			);
			defaultConfigurationIsVisible = 0;
			defaultConfigurationName = Release;
		};
/* End XCConfigurationList section */
	};
	rootObject = 76B2C6592CCC3E5E00736DB7 /* Project object */;
}
